
Microsoft Visual Studio Solution File, Format Version 12.00
# Visual Studio Version 16
VisualStudioVersion = 16.0.30204.135
MinimumVisualStudioVersion = 10.0.40219.1
Project("{FAE04EC0-301F-11D3-BF4B-00C04F79EFBC}") = "BasicBrowse", "BasicBrowse\BasicBrowse.csproj", "{9510961A-DF26-443F-AB19-EADBE90D60CC}"
EndProject
Project("{54435603-DBB4-11D2-8724-00A0C9A8B90C}") = "BasicBrowse Setup", "BasicBrowse Setup\BasicBrowse Setup.vdproj", "{5F6119CB-86D7-4B2F-BF5F-1E121D29746D}"
EndProject
Project("{2150E333-8FDC-42A3-9474-1A3956D46DE8}") = "Solution Items", "Solution Items", "{B757EB98-A095-431D-9A11-40B83A28F4C0}"
	ProjectSection(SolutionItems) = preProject
		.editorconfig = .editorconfig
	EndProjectSection
EndProject
Global
	GlobalSection(SolutionConfigurationPlatforms) = preSolution
		Debug|Any CPU = Debug|Any CPU
		Debug|x86 = Debug|x86
		Release|Any CPU = Release|Any CPU
		Release|x86 = Release|x86
	EndGlobalSection
	GlobalSection(ProjectConfigurationPlatforms) = postSolution
		{9510961A-DF26-443F-AB19-EADBE90D60CC}.Debug|Any CPU.ActiveCfg = Debug|Any CPU
		{9510961A-DF26-443F-AB19-EADBE90D60CC}.Debug|Any CPU.Build.0 = Debug|Any CPU
		{9510961A-DF26-443F-AB19-EADBE90D60CC}.Debug|x86.ActiveCfg = Debug|x86
		{9510961A-DF26-443F-AB19-EADBE90D60CC}.Debug|x86.Build.0 = Debug|x86
		{9510961A-DF26-443F-AB19-EADBE90D60CC}.Release|Any CPU.ActiveCfg = Release|Any CPU
		{9510961A-DF26-443F-AB19-EADBE90D60CC}.Release|Any CPU.Build.0 = Release|Any CPU
		{9510961A-DF26-443F-AB19-EADBE90D60CC}.Release|x86.ActiveCfg = Release|x86
		{9510961A-DF26-443F-AB19-EADBE90D60CC}.Release|x86.Build.0 = Release|x86
		{5F6119CB-86D7-4B2F-BF5F-1E121D29746D}.Debug|Any CPU.ActiveCfg = Debug
		{5F6119CB-86D7-4B2F-BF5F-1E121D29746D}.Debug|x86.ActiveCfg = Debug
		{5F6119CB-86D7-4B2F-BF5F-1E121D29746D}.Release|Any CPU.ActiveCfg = Release
		{5F6119CB-86D7-4B2F-BF5F-1E121D29746D}.Release|x86.ActiveCfg = Release
	EndGlobalSection
	GlobalSection(SolutionProperties) = preSolution
		HideSolutionNode = FALSE
	EndGlobalSection
	GlobalSection(ExtensibilityGlobals) = postSolution
		SolutionGuid = {8B27F1D2-F117-4114-AE83-E2905FA09EC7}
	EndGlobalSection
EndGlobal
